
Microsoft Visual Studio Solution File, Format Version 12.00
# Visual Studio Version 17
VisualStudioVersion = 17.0.31903.59
MinimumVisualStudioVersion = 10.0.40219.1
Project("{F2A71F9B-5D33-465A-A702-920D77279786}") = "tests", "tests\tests.fsproj", "{AC3B6BC3-9D00-4A89-A7F3-A203A13DAB6B}"
EndProject
Project("{F2A71F9B-5D33-465A-A702-920D77279786}") = "AATree", "src\AATree.fsproj", "{8A820342-5DF1-4C8A-8FBC-EC085CD78CAD}"
EndProject
Global
	GlobalSection(SolutionConfigurationPlatforms) = preSolution
		Debug|Any CPU = Debug|Any CPU
		Release|Any CPU = Release|Any CPU
	EndGlobalSection
	GlobalSection(SolutionProperties) = preSolution
		HideSolutionNode = FALSE
	EndGlobalSection
	GlobalSection(ProjectConfigurationPlatforms) = postSolution
		{AC3B6BC3-9D00-4A89-A7F3-A203A13DAB6B}.Debug|Any CPU.ActiveCfg = Debug|Any CPU
		{AC3B6BC3-9D00-4A89-A7F3-A203A13DAB6B}.Debug|Any CPU.Build.0 = Debug|Any CPU
		{AC3B6BC3-9D00-4A89-A7F3-A203A13DAB6B}.Release|Any CPU.ActiveCfg = Release|Any CPU
		{AC3B6BC3-9D00-4A89-A7F3-A203A13DAB6B}.Release|Any CPU.Build.0 = Release|Any CPU
		{8A820342-5DF1-4C8A-8FBC-EC085CD78CAD}.Debug|Any CPU.ActiveCfg = Debug|Any CPU
		{8A820342-5DF1-4C8A-8FBC-EC085CD78CAD}.Debug|Any CPU.Build.0 = Debug|Any CPU
		{8A820342-5DF1-4C8A-8FBC-EC085CD78CAD}.Release|Any CPU.ActiveCfg = Release|Any CPU
		{8A820342-5DF1-4C8A-8FBC-EC085CD78CAD}.Release|Any CPU.Build.0 = Release|Any CPU
	EndGlobalSection
EndGlobal
